
Microsoft Visual Studio Solution File, Format Version 12.00
# Visual Studio Version 17
VisualStudioVersion = 17.3.32819.101
MinimumVisualStudioVersion = 10.0.40219.1
Project("{9A19103F-16F7-4668-BE54-9A1E7A4F7556}") = "Docker.Dns", "src\Docker.Dns\Docker.Dns.csproj", "{E5D57656-D4EF-4E86-A4D5-E1B9757DF5CC}"
EndProject
Project("{E53339B2-1760-4266-BCC7-CA923CBCF16C}") = "docker-compose", "src\Docker.Compose\docker-compose.dcproj", "{8E6FD309-4784-47D4-8E34-20DC48BB7139}"
EndProject
Global
	GlobalSection(SolutionConfigurationPlatforms) = preSolution
		Debug|Any CPU = Debug|Any CPU
		Release|Any CPU = Release|Any CPU
	EndGlobalSection
	GlobalSection(ProjectConfigurationPlatforms) = postSolution
		{E5D57656-D4EF-4E86-A4D5-E1B9757DF5CC}.Debug|Any CPU.ActiveCfg = Debug|Any CPU
		{E5D57656-D4EF-4E86-A4D5-E1B9757DF5CC}.Debug|Any CPU.Build.0 = Debug|Any CPU
		{E5D57656-D4EF-4E86-A4D5-E1B9757DF5CC}.Release|Any CPU.ActiveCfg = Release|Any CPU
		{E5D57656-D4EF-4E86-A4D5-E1B9757DF5CC}.Release|Any CPU.Build.0 = Release|Any CPU
		{8E6FD309-4784-47D4-8E34-20DC48BB7139}.Debug|Any CPU.ActiveCfg = Debug|Any CPU
		{8E6FD309-4784-47D4-8E34-20DC48BB7139}.Debug|Any CPU.Build.0 = Debug|Any CPU
		{8E6FD309-4784-47D4-8E34-20DC48BB7139}.Release|Any CPU.ActiveCfg = Release|Any CPU
		{8E6FD309-4784-47D4-8E34-20DC48BB7139}.Release|Any CPU.Build.0 = Release|Any CPU
	EndGlobalSection
	GlobalSection(SolutionProperties) = preSolution
		HideSolutionNode = FALSE
	EndGlobalSection
	GlobalSection(ExtensibilityGlobals) = postSolution
		SolutionGuid = {33C4DC75-EC73-4EBA-920F-7FE0C4C8D336}
	EndGlobalSection
EndGlobal
